{
  "name": "9-pokemon",
  "version": "1.0.0",
  "lockfileVersion": 3,
  "requires": true,
  "packages": {
    "": {
      "name": "9-pokemon",
      "version": "1.0.0",
      "license": "ISC",
      "dependencies": {
        "w3c-xmlhttprequest": "^3.0.4"
      }
    },
    "node_modules/w3c-xmlhttprequest": {
      "version": "3.0.4",
      "resolved": "https://registry.npmjs.org/w3c-xmlhttprequest/-/w3c-xmlhttprequest-3.0.4.tgz",
      "integrity": "sha512-GOR3PNrFVioJtxb+VR1kp80+UM89ga85akLRYVZX7fmaQTn/kkj9Q18MhNoGtvRJ2ez5i77EpQ0hNBB7+e/RBg==",
      "license": "MIT",
      "engines": {
        "node": ">= 10.13.0"
      }
    }
  }
}
